{
    "_meta": {
        "hash": {
            "sha256": "d0c48d8fb9650bdd8f67f9e008f12e6354e92f5e1cd1b623d4e61c81fe932ee3"
        },
        "pipfile-spec": 6,
        "requires": {
            "python_version": "3.8"
        },
        "sources": [
            {
                "name": "pypi",
                "url": "https://pypi.org/simple",
                "verify_ssl": true
            }
        ]
    },
    "default": {
        "bjoern": {
            "hashes": [
                "sha256:19df818e059cc7ff87ca35b82586989e449a7ec4628866afb40b23be5a9b0c8b"
            ],
            "index": "pypi",
            "version": "==3.2.1"
        },
        "certifi": {
            "hashes": [
                "sha256:78884e7c1d4b00ce3cea67b44566851c4343c120abd683433ce934a68ea58872",
                "sha256:d62a0163eb4c2344ac042ab2bdf75399a71a2d8c7d47eac2e2ee91b9d6339569"
            ],
            "version": "==2021.10.8"
        },
        "charset-normalizer": {
            "hashes": [
                "sha256:2857e29ff0d34db842cd7ca3230549d1a697f96ee6d3fb071cfa6c7393832597",
                "sha256:6881edbebdb17b39b4eaaa821b438bf6eddffb4468cf344f09f89def34a8b1df"
            ],
            "markers": "python_version >= '3'",
            "version": "==2.0.12"
        },
        "click": {
            "hashes": [
                "sha256:24e1a4a9ec5bf6299411369b208c1df2188d9eb8d916302fe6bf03faed227f1e",
                "sha256:479707fe14d9ec9a0757618b7a100a0ae4c4e236fac5b7f80ca68028141a1a72"
            ],
            "version": "==8.1.2"
        },
        "deprecation": {
            "hashes": [
                "sha256:72b3bde64e5d778694b0cf68178aed03d15e15477116add3fb773e581f9518ff",
                "sha256:a10811591210e1fb0e768a8c25517cabeabcba6f0bf96564f8ff45189f90b14a"
            ],
            "version": "==2.1.0"
        },
        "docopt": {
            "hashes": [
                "sha256:49b3a825280bd66b3aa83585ef59c4a8c82f2c8a522dbe754a8bc8d08c85c491"
            ],
            "version": "==0.6.2"
        },
        "flask": {
            "hashes": [
                "sha256:8a4cf32d904cf5621db9f0c9fbcd7efabf3003f22a04e4d0ce790c7137ec5264",
                "sha256:a8c9bd3e558ec99646d177a9739c41df1ded0629480b4c8d2975412f3c9519c8"
            ],
            "index": "pypi",
            "version": "==2.1.1"
        },
        "future": {
            "hashes": [
                "sha256:67045236dcfd6816dc439556d009594abf643e5eb48992e36beac09c2ca659b8"
            ],
            "version": "==0.17.1"
        },
        "idna": {
            "hashes": [
                "sha256:84d9dd047ffa80596e0f246e2eab0b391788b0503584e8945f2368256d2735ff",
                "sha256:9d643ff0a55b762d5cdb124b8eaa99c66322e2157b69160bc32796e824360e6d"
            ],
            "markers": "python_version >= '3'",
            "version": "==3.3"
        },
        "importlib-metadata": {
            "hashes": [
                "sha256:1208431ca90a8cca1a6b8af391bb53c1a2db74e5d1cef6ddced95d4b2062edc6",
                "sha256:ea4c597ebf37142f827b8f39299579e31685c31d3a438b59f469406afd0f2539"
            ],
            "markers": "python_version < '3.10'",
            "version": "==4.11.3"
        },
        "itsdangerous": {
            "hashes": [
                "sha256:2c2349112351b88699d8d4b6b075022c0808887cb7ad10069318a8b0bc88db44",
                "sha256:5dbbc68b317e5e42f327f9021763545dc3fc3bfe22e6deb96aaf1fc38874156a"
            ],
            "version": "==2.1.2"
        },
        "jinja2": {
            "hashes": [
                "sha256:539835f51a74a69f41b848a9645dbdc35b4f20a3b601e2d9a7e22947b15ff119",
                "sha256:640bed4bb501cbd17194b3cace1dc2126f5b619cf068a726b98192a0fde74ae9"
            ],
            "version": "==3.1.1"
        },
        "joblib": {
            "hashes": [
                "sha256:4158fcecd13733f8be669be0683b96ebdbbd38d23559f54dca7205aea1bf1e35",
                "sha256:f21f109b3c7ff9d95f8387f752d0d9c34a02aa2f7060c2135f465da0e5160ff6"
            ],
            "version": "==1.1.0"
        },
        "markupsafe": {
            "hashes": [
                "sha256:0212a68688482dc52b2d45013df70d169f542b7394fc744c02a57374a4207003",
                "sha256:089cf3dbf0cd6c100f02945abeb18484bd1ee57a079aefd52cffd17fba910b88",
                "sha256:10c1bfff05d95783da83491be968e8fe789263689c02724e0c691933c52994f5",
                "sha256:33b74d289bd2f5e527beadcaa3f401e0df0a89927c1559c8566c066fa4248ab7",
                "sha256:3799351e2336dc91ea70b034983ee71cf2f9533cdff7c14c90ea126bfd95d65a",
                "sha256:3ce11ee3f23f79dbd06fb3d63e2f6af7b12db1d46932fe7bd8afa259a5996603",
                "sha256:421be9fbf0ffe9ffd7a378aafebbf6f4602d564d34be190fc19a193232fd12b1",
                "sha256:43093fb83d8343aac0b1baa75516da6092f58f41200907ef92448ecab8825135",
                "sha256:46d00d6cfecdde84d40e572d63735ef81423ad31184100411e6e3388d405e247",
                "sha256:4a33dea2b688b3190ee12bd7cfa29d39c9ed176bda40bfa11099a3ce5d3a7ac6",
                "sha256:4b9fe39a2ccc108a4accc2676e77da025ce383c108593d65cc909add5c3bd601",
                "sha256:56442863ed2b06d19c37f94d999035e15ee982988920e12a5b4ba29b62ad1f77",
                "sha256:671cd1187ed5e62818414afe79ed29da836dde67166a9fac6d435873c44fdd02",
                "sha256:694deca8d702d5db21ec83983ce0bb4b26a578e71fbdbd4fdcd387daa90e4d5e",
                "sha256:6a074d34ee7a5ce3effbc526b7083ec9731bb3cbf921bbe1d3005d4d2bdb3a63",
                "sha256:6d0072fea50feec76a4c418096652f2c3238eaa014b2f94aeb1d56a66b41403f",
                "sha256:6fbf47b5d3728c6aea2abb0589b5d30459e369baa772e0f37a0320185e87c980",
                "sha256:7f91197cc9e48f989d12e4e6fbc46495c446636dfc81b9ccf50bb0ec74b91d4b",
                "sha256:86b1f75c4e7c2ac2ccdaec2b9022845dbb81880ca318bb7a0a01fbf7813e3812",
                "sha256:8dc1c72a69aa7e082593c4a203dcf94ddb74bb5c8a731e4e1eb68d031e8498ff",
                "sha256:8e3dcf21f367459434c18e71b2a9532d96547aef8a871872a5bd69a715c15f96",
                "sha256:8e576a51ad59e4bfaac456023a78f6b5e6e7651dcd383bcc3e18d06f9b55d6d1",
                "sha256:96e37a3dc86e80bf81758c152fe66dbf60ed5eca3d26305edf01892257049925",
                "sha256:97a68e6ada378df82bc9f16b800ab77cbf4b2fada0081794318520138c088e4a",
                "sha256:99a2a507ed3ac881b975a2976d59f38c19386d128e7a9a18b7df6fff1fd4c1d6",
                "sha256:a49907dd8420c5685cfa064a1335b6754b74541bbb3706c259c02ed65b644b3e",
                "sha256:b09bf97215625a311f669476f44b8b318b075847b49316d3e28c08e41a7a573f",
                "sha256:b7bd98b796e2b6553da7225aeb61f447f80a1ca64f41d83612e6139ca5213aa4",
                "sha256:b87db4360013327109564f0e591bd2a3b318547bcef31b468a92ee504d07ae4f",
                "sha256:bcb3ed405ed3222f9904899563d6fc492ff75cce56cba05e32eff40e6acbeaa3",
                "sha256:d4306c36ca495956b6d568d276ac11fdd9c30a36f1b6eb928070dc5360b22e1c",
                "sha256:d5ee4f386140395a2c818d149221149c54849dfcfcb9f1debfe07a8b8bd63f9a",
                "sha256:dda30ba7e87fbbb7eab1ec9f58678558fd9a6b8b853530e176eabd064da81417",
                "sha256:e04e26803c9c3851c931eac40c695602c6295b8d432cbe78609649ad9bd2da8a",
                "sha256:e1c0b87e09fa55a220f058d1d49d3fb8df88fbfab58558f1198e08c1e1de842a",
                "sha256:e72591e9ecd94d7feb70c1cbd7be7b3ebea3f548870aa91e2732960fa4d57a37",
                "sha256:e8c843bbcda3a2f1e3c2ab25913c80a3c5376cd00c6e8c4a86a89a28c8dc5452",
                "sha256:efc1913fd2ca4f334418481c7e595c00aad186563bbc1ec76067848c7ca0a933",
                "sha256:f121a1420d4e173a5d96e47e9a0c0dcff965afdf1626d28de1460815f7c4ee7a",
                "sha256:fc7b548b17d238737688817ab67deebb30e8073c95749d55538ed473130ec0c7"
            ],
            "version": "==2.1.1"
        },
        "minio": {
            "hashes": [
                "sha256:191278a7f572080b9677891fa19801750a8de3a25b978de73551409413e64362",
                "sha256:b03497a94a79f782c5cc2450e505a25b3f0142118cf7a0cadb93219a0d5014d0"
            ],
            "index": "pypi",
            "version": "==7.1.7"
        },
        "num2words": {
            "hashes": [
                "sha256:0b6e5f53f11d3005787e206d9c03382f459ef048a43c544e3db3b1e05a961548",
                "sha256:37cd4f60678f7e1045cdc3adf6acf93c8b41bf732da860f97d301f04e611cc57"
            ],
            "version": "==0.5.10"
        },
        "numpy": {
            "hashes": [
                "sha256:07a8c89a04997625236c5ecb7afe35a02af3896c8aa01890a849913a2309c676",
                "sha256:08d9b008d0156c70dc392bb3ab3abb6e7a711383c3247b410b39962263576cd4",
                "sha256:201b4d0552831f7250a08d3b38de0d989d6f6e4658b709a02a73c524ccc6ffce",
                "sha256:2c10a93606e0b4b95c9b04b77dc349b398fdfbda382d2a39ba5a822f669a0123",
                "sha256:3ca688e1b9b95d80250bca34b11a05e389b1420d00e87a0d12dc45f131f704a1",
                "sha256:48a3aecd3b997bf452a2dedb11f4e79bc5bfd21a1d4cc760e703c31d57c84b3e",
                "sha256:568dfd16224abddafb1cbcce2ff14f522abe037268514dd7e42c6776a1c3f8e5",
                "sha256:5bfb1bb598e8229c2d5d48db1860bcf4311337864ea3efdbe1171fb0c5da515d",
                "sha256:639b54cdf6aa4f82fe37ebf70401bbb74b8508fddcf4797f9fe59615b8c5813a",
                "sha256:8251ed96f38b47b4295b1ae51631de7ffa8260b5b087808ef09a39a9d66c97ab",
                "sha256:92bfa69cfbdf7dfc3040978ad09a48091143cffb778ec3b03fa170c494118d75",
                "sha256:97098b95aa4e418529099c26558eeb8486e66bd1e53a6b606d684d0c3616b168",
                "sha256:a3bae1a2ed00e90b3ba5f7bd0a7c7999b55d609e0c54ceb2b076a25e345fa9f4",
                "sha256:c34ea7e9d13a70bf2ab64a2532fe149a9aced424cd05a2c4ba662fd989e3e45f",
                "sha256:dbc7601a3b7472d559dc7b933b18b4b66f9aa7452c120e87dfb33d02008c8a18",
                "sha256:e7927a589df200c5e23c57970bafbd0cd322459aa7b1ff73b7c2e84d6e3eae62",
                "sha256:f8c1f39caad2c896bc0018f699882b345b2a63708008be29b1f355ebf6f933fe",
                "sha256:f950f8845b480cffe522913d35567e29dd381b0dc7e4ce6a4a9f9156417d2430",
                "sha256:fade0d4f4d292b6f39951b6836d7a3c7ef5b2347f3c420cd9820a1d90d794802",
                "sha256:fdf3c08bce27132395d3c3ba1503cac12e17282358cb4bddc25cc46b0aca07aa"
            ],
            "version": "==1.22.3"
        },
        "packaging": {
            "hashes": [
                "sha256:dd47c42927d89ab911e606518907cc2d3a1f38bbd026385970643f9c5b8ecfeb",
                "sha256:ef103e05f519cdc783ae24ea4e2e0f508a9c99b2d4969652eed6a2e1ea5bd522"
            ],
            "version": "==21.3"
        },
        "pyaml": {
            "hashes": [
                "sha256:10b7406f4d29dceca1bc4540713363e07c18886ac9a44edd3d7720314bdcb0ff",
                "sha256:b3f636b467864319d7ded1558f86bb305b8612a274f5d443a62dc5eceb1b7176"
            ],
            "version": "==19.12.0"
        },
        "pyparsing": {
            "hashes": [
                "sha256:7bf433498c016c4314268d95df76c81b842a4cb2b276fa3312cfb1e1d85f6954",
                "sha256:ef7b523f6356f763771559412c0d7134753f037822dad1b16945b7b846f7ad06"
            ],
            "version": "==3.0.8"
        },
        "python-crfsuite": {
            "hashes": [
                "sha256:0e03cf6eba3628717ccf06dfa0f4a2ba8628860adb174cbfd250a7a4692865a1",
                "sha256:0f9cea3e565e61007566dc0c6cd343bcf01cd7acd1545fa9ee847991b9d47f9f",
                "sha256:10dde6fd932e4b8f8f06960f040e99f1cb30d78a8aac57cbe26298b6d124ee9f",
                "sha256:1605803e601d80f40ce0b4af42471c456607cf12d26dc4a91f67a1b2bbf4f333",
                "sha256:18c46286c179e642876364f48d92f42ba5172decaf33409f8b26450744c8dd80",
                "sha256:1bc71a57426e0f18e5616abdc4a9adebca919c3aa9fb3268aa35317c82cd144f",
                "sha256:2210ea3936090d023d6770aa1d3b6ba0831153fda34558c99ee3dfe13000b07d",
                "sha256:2d2bea92593876c007969d86bbc0254f6f31b67a085b3f396311290be750b14b",
                "sha256:2dd8812f432d397d19108217f43b2921b2ec5572df51700b34f3035e280b8936",
                "sha256:50d717e0b92a016c29f949c6d2f3c76c7d4d3ec91fe930642c3c918ee88a12ec",
                "sha256:5192d57955e0fbdcba37751617eb6e6c011aaa865f8580aa2792bda58020fee9",
                "sha256:5d34d6f4ced98dcae4042c01bd53ef555f9cf038f9de4d2d49fac15b2f5339f1",
                "sha256:6315d0e64966406377d240e573fd99d3859c0470cdfe5ba08051ba58b8f05dbb",
                "sha256:65fc199148c33ef5ff98f7c826a902b2b5b812030f1cde86d2914e314770acd0",
                "sha256:66b07c616638967e4f45e0b1124f50c255c9ddd48675a84bc556b657ad9bb109",
                "sha256:683856f9093b00fa8a21e0ce9802bd0b98169c843f120a890e7d8a0ab3490804",
                "sha256:6cea8a2a58294f141e12650a63a595d58c3725e33a536b0b12ab427a555ca355",
                "sha256:7b9919abecb94e83dfa9d1a9637767742901f4b81455a667a9e7224f82685e57",
                "sha256:7d78e7d0af233934e6df864090d754be3d505aad26862156b23f5697c64c6285",
                "sha256:7e648326bb5dcdececb22c198a2d4d71da3d208af97b3cf3185a5e0f92cc657e",
                "sha256:80f6dfe9d3a5a46ac395ef283cb77da54057ca8a77282995500be840f37fac7d",
                "sha256:814c9920a87530c9ab56324cad90f69e703dcf399c51e2660584bfdd30a4213b",
                "sha256:821e35e3c554aef9c09cce5d4134d813c2e0257f662102ebaf6998e891ee82a0",
                "sha256:83f6ac190cbc40f2e618b564772b96d789182c044c9f94749f4c4b07bde8c095",
                "sha256:961e55450b401504d7563a6d5dd2f7ddf799c60284a205342a3c4a9eb0da22fd",
                "sha256:a17a618e48a360180c33d1e48f4880b6e0137b709527b565e694e66de80c5aab",
                "sha256:a3fd4598e4ad61fe7b4b628a6ca677e3b2138f8178d9cf1e9a9ed964bc7c4fae",
                "sha256:a9e8ff97148bd9ef573e785e1b2144b44a731e4ae34730b966f9ff805229afb7",
                "sha256:aa8715f34fcd72b34b16116533b0ee156c55a06eef10950a7afb5fc248c8dd61",
                "sha256:ab8ceb0e3cb681c4b60e947692ad7848d1da58ade4fbcd833ee3fc772e997fb9",
                "sha256:b492353069015887b82ec0dd875abfb89e064b301447eec5ae7a3e56056d46ca",
                "sha256:bcd1f65abcf59a14361162ea16386f4a7953c3be791ab1471887bb3fafed7304",
                "sha256:c79688357ef67efbac619048d69abf61eba4c316423ef20d4d2174afcd7e705d",
                "sha256:cabf91e918a155deccc9116661f3cc6a5e5318674f7e0c63d87880d532bedbfc",
                "sha256:cec973c7a1ef75ebeade4e18607c195c922a0276dabeaa4ba134f8576901d04a",
                "sha256:dbf4cbd1babec759b8a3211c3c50507d5f300fa9b5f0c2be1a03246dd1e4c251",
                "sha256:dd45dedce6e77dc231f3de9999df155da6a43da590fdb73b4511dfe207ba76d4",
                "sha256:e13652ca5855bfe48a75811851ea495897742793834aede18d69ca6b2d2526de",
                "sha256:e9822b867071275594a45b39ad14ae03ee673402e7d1b22ba2a3ead800003708",
                "sha256:e984e3aa4e68a5db671562008373f1a07496cfbd9cfd7c79716f44b3eadf5e9e",
                "sha256:ea22ddcbe62797da0ae86f4a700f6215fd2d45e8a3bd38e92956aa9646e5f277",
                "sha256:ee1bde19390ad97efba4b57d5cb869150f27cd32af36da0f886dca61281c724e",
                "sha256:f1d7d20af284f20f8ccc6e019c82a6ce699c29166f2a49e86b648e892e4e0994",
                "sha256:fa2746f2369e93bae8b9186d0bfe1b397bacdc735bb8f0d87a853c599ddcdfd5",
                "sha256:fbb3997d1d029d4b4ecff6162e739cddcccfdb738672aecc79187c0f3ce311fd",
                "sha256:fc10579037376fb00afc5c7827d4dc16f586ad59061b4f069dd83d75dd5653ae"
            ],
            "version": "==0.9.8"
        },
        "pyyaml": {
            "hashes": [
                "sha256:0283c35a6a9fbf047493e3a0ce8d79ef5030852c51e9d911a27badfde0605293",
                "sha256:055d937d65826939cb044fc8c9b08889e8c743fdc6a32b33e2390f66013e449b",
                "sha256:07751360502caac1c067a8132d150cf3d61339af5691fe9e87803040dbc5db57",
                "sha256:0b4624f379dab24d3725ffde76559cff63d9ec94e1736b556dacdfebe5ab6d4b",
                "sha256:0ce82d761c532fe4ec3f87fc45688bdd3a4c1dc5e0b4a19814b9009a29baefd4",
                "sha256:1e4747bc279b4f613a09eb64bba2ba602d8a6664c6ce6396a4d0cd413a50ce07",
                "sha256:213c60cd50106436cc818accf5baa1aba61c0189ff610f64f4a3e8c6726218ba",
                "sha256:231710d57adfd809ef5d34183b8ed1eeae3f76459c18fb4a0b373ad56bedcdd9",
                "sha256:277a0ef2981ca40581a47093e9e2d13b3f1fbbeffae064c1d21bfceba2030287",
                "sha256:2cd5df3de48857ed0544b34e2d40e9fac445930039f3cfe4bcc592a1f836d513",
                "sha256:40527857252b61eacd1d9af500c3337ba8deb8fc298940291486c465c8b46ec0",
                "sha256:473f9edb243cb1935ab5a084eb238d842fb8f404ed2193a915d1784b5a6b5fc0",
                "sha256:48c346915c114f5fdb3ead70312bd042a953a8ce5c7106d5bfb1a5254e47da92",
                "sha256:50602afada6d6cbfad699b0c7bb50d5ccffa7e46a3d738092afddc1f9758427f",
                "sha256:68fb519c14306fec9720a2a5b45bc9f0c8d1b9c72adf45c37baedfcd949c35a2",
                "sha256:77f396e6ef4c73fdc33a9157446466f1cff553d979bd00ecb64385760c6babdc",
                "sha256:819b3830a1543db06c4d4b865e70ded25be52a2e0631ccd2f6a47a2822f2fd7c",
                "sha256:897b80890765f037df3403d22bab41627ca8811ae55e9a722fd0392850ec4d86",
                "sha256:98c4d36e99714e55cfbaaee6dd5badbc9a1ec339ebfc3b1f52e293aee6bb71a4",
                "sha256:9df7ed3b3d2e0ecfe09e14741b857df43adb5a3ddadc919a2d94fbdf78fea53c",
                "sha256:9fa600030013c4de8165339db93d182b9431076eb98eb40ee068700c9c813e34",
                "sha256:a80a78046a72361de73f8f395f1f1e49f956c6be882eed58505a15f3e430962b",
                "sha256:b3d267842bf12586ba6c734f89d1f5b871df0273157918b0ccefa29deb05c21c",
                "sha256:b5b9eccad747aabaaffbc6064800670f0c297e52c12754eb1d976c57e4f74dcb",
                "sha256:c5687b8d43cf58545ade1fe3e055f70eac7a5a1a0bf42824308d868289a95737",
                "sha256:cba8c411ef271aa037d7357a2bc8f9ee8b58b9965831d9e51baf703280dc73d3",
                "sha256:d15a181d1ecd0d4270dc32edb46f7cb7733c7c508857278d3d378d14d606db2d",
                "sha256:d4db7c7aef085872ef65a8fd7d6d09a14ae91f691dec3e87ee5ee0539d516f53",
                "sha256:d4eccecf9adf6fbcc6861a38015c2a64f38b9d94838ac1810a9023a0609e1b78",
                "sha256:d67d839ede4ed1b28a4e8909735fc992a923cdb84e618544973d7dfc71540803",
                "sha256:daf496c58a8c52083df09b80c860005194014c3698698d1a57cbcfa182142a3a",
                "sha256:e61ceaab6f49fb8bdfaa0f92c4b57bcfbea54c09277b1b4f7ac376bfb7a7c174",
                "sha256:f84fbc98b019fef2ee9a1cb3ce93e3187a6df0b2538a651bfb890254ba9f90b5"
            ],
            "version": "==6.0"
        },
        "requests": {
            "hashes": [
                "sha256:68d7c56fd5a8999887728ef304a6d12edc7be74f1cfa47714fc8b414525c9a61",
                "sha256:f22fa1e554c9ddfd16e6e41ac79759e17be9e492b3587efa038054674760e72d"
            ],
            "version": "==2.27.1"
        },
        "scikit-learn": {
            "hashes": [
                "sha256:1bf45e62799b6938357cfce19f72e3751448c4b27010e4f98553da669b5bbd86",
                "sha256:267ad874b54c67b479c3b45eb132ef4a56ab2b27963410624a413a4e2a3fc388",
                "sha256:2d1bb83d6c51a81193d8a6b5f31930e2959c0e1019d49bdd03f54163735dae4b",
                "sha256:349ba3d837fb3f7cb2b91486c43713e4b7de17f9e852f165049b1b7ac2f81478",
                "sha256:3f4d8eea3531d3eaf613fa33f711113dfff6021d57a49c9d319af4afb46f72f0",
                "sha256:4990f0e166292d2a0f0ee528233723bcfd238bfdb3ec2512a9e27f5695362f35",
                "sha256:57538d138ba54407d21e27c306735cbd42a6aae0df6a5a30c7a6edde46b0017d",
                "sha256:5b722e8bb708f254af028dc2da86d23df5371cba57e24f889b672e7b15423caa",
                "sha256:6043e2c4ccfc68328c331b0fc19691be8fb02bd76d694704843a23ad651de902",
                "sha256:672ea38eb59b739a8907ec063642b486bcb5a2073dda5b72b7983eeaf1fd67c1",
                "sha256:73207dca6e70f8f611f28add185cf3a793c8232a1722f21d82259560dc35cd50",
                "sha256:83fc104a799cb340054e485c25dfeee712b36f5638fb374eba45a9db490f16ff",
                "sha256:8416150ab505f1813da02cdbdd9f367b05bfc75cf251235015bb09f8674358a0",
                "sha256:84e759a766c315deb5c85139ff879edbb0aabcddb9358acf499564ed1c21e337",
                "sha256:8ed66ab27b3d68e57bb1f315fc35e595a5c4a1f108c3420943de4d18fc40e615",
                "sha256:a7f8aa93f61aaad080b29a9018db93ded0586692c03ddf2122e47dd1d3a14e1b",
                "sha256:ddd3bf82977908ff69303115dd5697606e669d8a7eafd7d83bb153ef9e11bd5e",
                "sha256:de9933297f8659ee3bb330eafdd80d74cd73d5dab39a9026b65a4156bc479063",
                "sha256:ea91a70a992ada395efc3d510cf011dc2d99dc9037bb38cd1cb00e14745005f5",
                "sha256:eb4c9f0019abb374a2e55150f070a333c8f990b850d1eb4dfc2765fc317ffc7c",
                "sha256:ffce8abfdcd459e72e5b91727b247b401b22253cbd18d251f842a60e26262d6f"
            ],
            "markers": "python_version >= '3.5'",
            "version": "==0.22.2.post1"
        },
        "scipy": {
            "hashes": [
                "sha256:011d4386b53b933142f58a652aa0f149c9b9242abd4f900b9f4ea5fbafc86b89",
                "sha256:16e09ef68b352d73befa8bcaf3ebe25d3941fe1a58c82909d5589856e6bc8174",
                "sha256:31d4f2d6b724bc9a98e527b5849b8a7e589bf1ea630c33aa563eda912c9ff0bd",
                "sha256:38aa39b6724cb65271e469013aeb6f2ce66fd44f093e241c28a9c6bc64fd79ed",
                "sha256:3d573228c10a3a8c32b9037be982e6440e411b443a6267b067cac72f690b8d56",
                "sha256:3d9dd6c8b93a22bf9a3a52d1327aca7e092b1299fb3afc4f89e8eba381be7b59",
                "sha256:559a8a4c03a5ba9fe3232f39ed24f86457e4f3f6c0abbeae1fb945029f092720",
                "sha256:5e73343c5e0d413c1f937302b2e04fb07872f5843041bcfd50699aef6e95e399",
                "sha256:723b9f878095ed994756fa4ee3060c450e2db0139c5ba248ee3f9628bd64e735",
                "sha256:87b01c7d5761e8a266a0fbdb9d88dcba0910d63c1c671bdb4d99d29f469e9e03",
                "sha256:8f4d059a97b29c91afad46b1737274cb282357a305a80bdd9e8adf3b0ca6a3f0",
                "sha256:92b2c2af4183ed09afb595709a8ef5783b2baf7f41e26ece24e1329c109691a7",
                "sha256:937d28722f13302febde29847bbe554b89073fbb924a30475e5ed7b028898b5f",
                "sha256:a279e27c7f4566ef18bab1b1e2c37d168e365080974758d107e7d237d3f0f484",
                "sha256:ad5be4039147c808e64f99c0e8a9641eb5d2fa079ff5894dcd8240e94e347af4",
                "sha256:ae3e327da323d82e918e593460e23babdce40d7ab21490ddf9fc06dec6b91a18",
                "sha256:bb7088e89cd751acf66195d2f00cf009a1ea113f3019664032d9075b1e727b6c",
                "sha256:c17a1878d00a5dd2797ccd73623ceca9d02375328f6218ee6d921e1325e61aff",
                "sha256:c2bae431d127bf0b1da81fc24e4bba0a84d058e3a96b9dd6475dfcb3c5e8761e",
                "sha256:de2e80ee1d925984c2504812a310841c241791c5279352be4707cdcd7c255039",
                "sha256:e6f0cd9c0bd374ef834ee1e0f0999678d49dcc400ea6209113d81528958f97c7",
                "sha256:f3720d0124aced49f6f2198a6900304411dbbeed12f56951d7c66ebef05e3df6",
                "sha256:f4a6d3b9f9797eb2d43938ac2c5d96d02aed17ef170c8b38f11798717523ddba"
            ],
            "version": "==1.8.0"
        },
        "six": {
            "hashes": [
                "sha256:1e61c37477a1626458e36f7b1d82aa5c9b094fa4802892072e49de9c60c4c926",
                "sha256:8abb2f1d86890a2dfb989f9a77cfcfd3e47c2a354b01111771326f8aa26e0254"
            ],
            "version": "==1.16.0"
        },
        "sklearn-crfsuite": {
            "hashes": [
                "sha256:2f59aad3055e01a778a79a6352891cac04788e8b52688aa5bc8b11be7717861e",
                "sha256:6e9a42bc3de96941d5f7262335130955b8c380b1356147622368f385075705d9"
            ],
            "version": "==0.3.6"
        },
        "snips-nlu": {
            "hashes": [
                "sha256:2afb147be0e3c52094c2420e40c8cb005b26aa70262d3dacd278856b6d0fd6d7",
                "sha256:6160e8c35f4ae731f0864e0a0b9494a53dfb27d50d08c92767125b4379f647ab"
            ],
            "index": "pypi",
            "version": "==0.20.2"
        },
        "snips-nlu-parsers": {
            "hashes": [
                "sha256:0395a8c4e627c2a01f7d56ee28a4ef4dfc6ead9c530a5eced7f29ad8246957f7",
                "sha256:0f464db5d8b93b87310c7009483d30e245b70443d5bc237da95e954c31e900f9",
                "sha256:26bdeb483ae16e27581c51c37cf5ece9be6c03b7578637ce2d7c1656d598cdc7",
                "sha256:36f10766c6fb168366daa99ffffc9edc91d7deb98b21b1f9414c712f14b861ee",
                "sha256:398960a6e072beded20bd53eb0649836434d2a992a87d86702d8f4a1873d659e",
                "sha256:39bedd5881834658d94c3a3e263325ec852ff18cb6afa3acea124d8390d8984a",
                "sha256:472c457eec82eab7c632c1fa5023478b61b09df7600782f7b9a59e18d7262e92",
                "sha256:5c29fcc6ae0b7b8ae1d93d5902a7a2fbc526014b44345e0dc0ba3960b7470037",
                "sha256:615ab5ad01cefafb6e16e097a1951896629a78243de5daf4b37b79c1eb7fbc46",
                "sha256:7ab39d9f5808a0cb19bfb07568a0dd808513823222a3165a6cfbca8cbbc1ce0e",
                "sha256:90279917ad29f042f7e309a5371907b1d7310e2bdadb7d8f1de205d453266da4",
                "sha256:926613e2e1f290b8666dcad42f92766ae213c54003bf88df2e4fbc79396b111a",
                "sha256:95959113f6fcfb1f8b1356e32439e93a7f4e7a9ac3105137b48c510e044aa532",
                "sha256:96f0086a33f210ff522cb69b4274e5eac49fa1d3d4f5aa73637bcbbe19b6e038",
                "sha256:d4bc21ac94cd5c027414db764b86949566c995df22b02215071334fc5f4d60dc",
                "sha256:d785101239839a1b5123c40921d60dc0ffd46f964f25c19d3d7a146c4af6652a",
                "sha256:dac0a5462141fd21b03d5f31ae4c6ace9f21b435248f5e202ae9054f4ffa714d",
                "sha256:fe367e01b437a94831259410cb562d5efa31c8b38db4abaf003c19e1ed2dcec2"
            ],
            "version": "==0.4.3"
        },
        "snips-nlu-utils": {
            "hashes": [
                "sha256:04b9128a0cf029e73e686eadb8cd733d58533e75a7398ef9af853725055d596f",
                "sha256:21ef1d2c1325525830514912b8b71357a114e300f741a3864e73409bf1c4e3b6",
                "sha256:237b38222943a2bc50b3f6acb8da66ea12a45273a8a15e30f00151bb58aebd19",
                "sha256:26c5adfede3d97dee99f2817598758f615ce1c7af1633f24b921b489e39a5520",
                "sha256:285ac105cfa40b3cd71948c5e1cf45e71b4eb64be4f866bda920929ccd1bde7d",
                "sha256:2ea5ce18f264a7e3bcef3e47391148f05ad7e78a583c9c707bb9742b0ce8dcd9",
                "sha256:302d14333a46b6389619c848cbbe658510467546bc66d98460c90b153ef91c4c",
                "sha256:37a6e4c0557b799296b856ab5ada584363b4ff8e6fb92c63a1e969314f376937",
                "sha256:4110ecd72843a165ab9856e778c4e874eeaa673d39265780b542fe534767d773",
                "sha256:4da6117e449ff2d99fb49276932e550b1bf6e070217a9ade4fab4c62f0101f56",
                "sha256:5225885c7427d4018e64df9683014eff7c39403b53795f2feea8260954152c28",
                "sha256:76e4b1da9d53743662be7c8e6fd188c5f48b89f6c9e27ff5ed5daa336328183d",
                "sha256:7740cd02d2a7a3427456813e6bf1dab0145d906dfdbb698e62dee0db7aef0baf",
                "sha256:93b2d5f235d47199d0e3fec0d61abc97560f10f8339570d3bfffb2d5e948db7c",
                "sha256:96bf20413beac4effb468a9dcb87a316e8c8ca92ed5c61dadb6d3e5c84fc9775",
                "sha256:9bd726792e08d08ae922552cfc9d2f2665a7a7fa103b8cc408c6d2473fa29a97",
                "sha256:ae00975a84b57f388170dd6be87c6400eda463713fc11e227944ddab8e261634",
                "sha256:b1e6fc56cbd40bc04adea2c5a20ed78cfacf81adcfffb28c322245d98332c4c2",
                "sha256:c870f4a6fa61bdc149154ab61a10e2581b4fce35e3ea2cd03deb2f550df360c4",
                "sha256:ef6960222d1908f4817f25aee2ddf4cb8fd2b1c07baab24a82702f3fc73dd700"
            ],
            "version": "==0.9.1"
        },
        "tabulate": {
            "hashes": [
                "sha256:d7c013fe7abbc5e491394e10fa845f8f32fe54f8dc60c6622c6cf482d25d47e4",
                "sha256:eb1d13f25760052e8931f2ef80aaf6045a6cceb47514db8beab24cded16f13a7"
            ],
            "version": "==0.8.9"
        },
        "tqdm": {
            "hashes": [
                "sha256:40be55d30e200777a307a7585aee69e4eabb46b4ec6a4b4a5f2d9f11e7d5408d",
                "sha256:74a2cdefe14d11442cedf3ba4e21a3b84ff9a2dbdc6cfae2c34addb2a14a5ea6"
            ],
            "version": "==4.64.0"
        },
        "urllib3": {
            "hashes": [
                "sha256:44ece4d53fb1706f667c9bd1c648f5469a2ec925fcf3a776667042d645472c14",
                "sha256:aabaf16477806a5e1dd19aa41f8c2b7950dd3c746362d7e3223dbe6de6ac448e"
            ],
            "version": "==1.26.9"
        },
        "werkzeug": {
            "hashes": [
                "sha256:3c5493ece8268fecdcdc9c0b112211acd006354723b280d643ec732b6d4063d6",
                "sha256:f8e89a20aeabbe8a893c24a461d3ee5dad2123b05cc6abd73ceed01d39c3ae74"
            ],
            "version": "==2.1.1"
        },
        "zipp": {
            "hashes": [
                "sha256:56bf8aadb83c24db6c4b577e13de374ccfb67da2078beba1d037c17980bf43ad",
                "sha256:c4f6e5bbf48e74f7a38e7cc5b0480ff42b0ae5178957d564d18932525d5cf099"
            ],
            "version": "==3.8.0"
        }
    },
    "develop": {}
}
